{
  "name": "app",
  "version": "1.0.0",
  "lockfileVersion": 3,
  "requires": true,
  "packages": {
    "": {
      "name": "app",
      "version": "1.0.0",
      "license": "ISC",
      "dependencies": {
        "@babylonjs/core": "^6.18.0",
        "@babylonjs/gui": "^6.18.0",
        "@babylonjs/inspector": "^6.18.0",
        "@babylonjs/materials": "^6.18.0",
        "@timohausmann/quadtree-js": "^1.2.5"
      },
      "devDependencies": {
        "@types/react": "^17.0.37",
        "@types/react-dom": "^17.0.11",
        "typescript": "^5.0.4"
      }
    },
    "node_modules/@babylonjs/core": {
      "version": "6.18.0",
      "resolved": "https://registry.npmjs.org/@babylonjs/core/-/core-6.18.0.tgz",
      "integrity": "sha512-Tufbl8S0aNm5Czt6J2l7kPHkU6UYcK6o7zWtS76QDwIHE1yvNq1MwounTSuLc+u9vQR7Ml0HuACmePDmUNUSfw=="
    },
    "node_modules/@babylonjs/gui": {
      "version": "6.18.0",
      "resolved": "https://registry.npmjs.org/@babylonjs/gui/-/gui-6.18.0.tgz",
      "integrity": "sha512-sYMFUOJMIE6R5YSiSw91Fm4nXIWKWWyxDUlP/R9a/mGdtbl1/BZ/xB37qYHb50AOxXLKY2l0GgLWHn8uQQr2GQ==",
      "peerDependencies": {
        "@babylonjs/core": "^6.0.0"
      }
    },
    "node_modules/@babylonjs/gui-editor": {
      "version": "6.18.0",
      "resolved": "https://registry.npmjs.org/@babylonjs/gui-editor/-/gui-editor-6.18.0.tgz",
      "integrity": "sha512-BMIsr/kPHe6FVdmmqMRD6I4cjbJITgknv1gfzDWcY/2tpYk58kfbjDrU5/wIdrWd56xE1qyBMdPbTdkD39tNCg==",
      "peer": true,
      "peerDependencies": {
        "@babylonjs/core": "^6.0.0",
        "@babylonjs/gui": "^6.0.0",
        "@types/react": ">=16.7.3",
        "@types/react-dom": ">=16.0.9"
      }
    },
    "node_modules/@babylonjs/inspector": {
      "version": "6.18.0",
      "resolved": "https://registry.npmjs.org/@babylonjs/inspector/-/inspector-6.18.0.tgz",
      "integrity": "sha512-xow2k/BS9r5WsrI3lB3V6GbsFZ7GLnY96ezCxVRYZXF8FO4rK5XC90K9Ph/1YFsOaLtKPmYwOabX9G74NaBO/g==",
      "dependencies": {
        "@fortawesome/fontawesome-svg-core": "^6.1.0",
        "@fortawesome/free-regular-svg-icons": "^6.0.0",
        "@fortawesome/free-solid-svg-icons": "^6.0.0"
      },
      "peerDependencies": {
        "@babylonjs/core": "^6.0.0",
        "@babylonjs/gui": "^6.0.0",
        "@babylonjs/gui-editor": "^6.0.0",
        "@babylonjs/loaders": "^6.0.0",
        "@babylonjs/materials": "^6.0.0",
        "@babylonjs/serializers": "^6.0.0",
        "@types/react": ">=16.7.3",
        "@types/react-dom": ">=16.0.9"
      }
    },
    "node_modules/@babylonjs/loaders": {
      "version": "6.18.0",
      "resolved": "https://registry.npmjs.org/@babylonjs/loaders/-/loaders-6.18.0.tgz",
      "integrity": "sha512-VWENt2XvQ9uUN2DHTI/XMpQPNHl9mf9D3XAv93HesaQeNL7mZEmbA+iO0ZR5y5jNyU5n+xHNkZ37LLDbl7QhJQ==",
      "peer": true,
      "peerDependencies": {
        "@babylonjs/core": "^6.0.0",
        "babylonjs-gltf2interface": "^6.0.0"
      }
    },
    "node_modules/@babylonjs/materials": {
      "version": "6.18.0",
      "resolved": "https://registry.npmjs.org/@babylonjs/materials/-/materials-6.18.0.tgz",
      "integrity": "sha512-ruOTPKjVdPKWC9FqeCiLzE58VeVW2GPGeN/uUyKzTDCWTgz+qe6OxBMfqN6Kxemu8eX4wrvh016YBOgdT8RAFA==",
      "peerDependencies": {
        "@babylonjs/core": "^6.0.0"
      }
    },
    "node_modules/@babylonjs/serializers": {
      "version": "6.18.0",
      "resolved": "https://registry.npmjs.org/@babylonjs/serializers/-/serializers-6.18.0.tgz",
      "integrity": "sha512-aRF6O5fxdO1i5yw5KZ95gHE1jBS6GdKrKyJIKxV4smm/K6F7EcXRNWC0TCZP0CuxACN9cCmZbYqmyVFwDPyVqA==",
      "peer": true,
      "peerDependencies": {
        "@babylonjs/core": "^6.0.0",
        "babylonjs-gltf2interface": "^6.0.0"
      }
    },
    "node_modules/@fortawesome/fontawesome-common-types": {
      "version": "6.4.2",
      "resolved": "https://registry.npmjs.org/@fortawesome/fontawesome-common-types/-/fontawesome-common-types-6.4.2.tgz",
      "integrity": "sha512-1DgP7f+XQIJbLFCTX1V2QnxVmpLdKdzzo2k8EmvDOePfchaIGQ9eCHj2up3/jNEbZuBqel5OxiaOJf37TWauRA==",
      "hasInstallScript": true,
      "engines": {
        "node": ">=6"
      }
    },
    "node_modules/@fortawesome/fontawesome-svg-core": {
      "version": "6.4.2",
      "resolved": "https://registry.npmjs.org/@fortawesome/fontawesome-svg-core/-/fontawesome-svg-core-6.4.2.tgz",
      "integrity": "sha512-gjYDSKv3TrM2sLTOKBc5rH9ckje8Wrwgx1CxAPbN5N3Fm4prfi7NsJVWd1jklp7i5uSCVwhZS5qlhMXqLrpAIg==",
      "hasInstallScript": true,
      "dependencies": {
        "@fortawesome/fontawesome-common-types": "6.4.2"
      },
      "engines": {
        "node": ">=6"
      }
    },
    "node_modules/@fortawesome/free-regular-svg-icons": {
      "version": "6.4.2",
      "resolved": "https://registry.npmjs.org/@fortawesome/free-regular-svg-icons/-/free-regular-svg-icons-6.4.2.tgz",
      "integrity": "sha512-0+sIUWnkgTVVXVAPQmW4vxb9ZTHv0WstOa3rBx9iPxrrrDH6bNLsDYuwXF9b6fGm+iR7DKQvQshUH/FJm3ed9Q==",
      "hasInstallScript": true,
      "dependencies": {
        "@fortawesome/fontawesome-common-types": "6.4.2"
      },
      "engines": {
        "node": ">=6"
      }
    },
    "node_modules/@fortawesome/free-solid-svg-icons": {
      "version": "6.4.2",
      "resolved": "https://registry.npmjs.org/@fortawesome/free-solid-svg-icons/-/free-solid-svg-icons-6.4.2.tgz",
      "integrity": "sha512-sYwXurXUEQS32fZz9hVCUUv/xu49PEJEyUOsA51l6PU/qVgfbTb2glsTEaJngVVT8VqBATRIdh7XVgV1JF1LkA==",
      "hasInstallScript": true,
      "dependencies": {
        "@fortawesome/fontawesome-common-types": "6.4.2"
      },
      "engines": {
        "node": ">=6"
      }
    },
    "node_modules/@timohausmann/quadtree-js": {
      "version": "1.2.5",
      "resolved": "https://registry.npmjs.org/@timohausmann/quadtree-js/-/quadtree-js-1.2.5.tgz",
      "integrity": "sha512-WcH3pouYtpyLjTCRvNP0WuSV4m7mRyYhLzW44egveFryT7pJhpDsdIJASEe37iCFNA0vmEpqTYGoG0siyXEthA=="
    },
    "node_modules/@types/prop-types": {
      "version": "15.7.5",
      "resolved": "https://registry.npmjs.org/@types/prop-types/-/prop-types-15.7.5.tgz",
      "integrity": "sha512-JCB8C6SnDoQf0cNycqd/35A7MjcnK+ZTqE7judS6o7utxUCg6imJg3QK2qzHKszlTjcj2cn+NwMB2i96ubpj7w=="
    },
    "node_modules/@types/react": {
      "version": "17.0.65",
      "resolved": "https://registry.npmjs.org/@types/react/-/react-17.0.65.tgz",
      "integrity": "sha512-oxur785xZYHvnI7TRS61dXbkIhDPnGfsXKv0cNXR/0ml4SipRIFpSMzA7HMEfOywFwJ5AOnPrXYTEiTRUQeGlQ==",
      "dependencies": {
        "@types/prop-types": "*",
        "@types/scheduler": "*",
        "csstype": "^3.0.2"
      }
    },
    "node_modules/@types/react-dom": {
      "version": "17.0.20",
      "resolved": "https://registry.npmjs.org/@types/react-dom/-/react-dom-17.0.20.tgz",
      "integrity": "sha512-4pzIjSxDueZZ90F52mU3aPoogkHIoSIDG+oQ+wQK7Cy2B9S+MvOqY0uEA/qawKz381qrEDkvpwyt8Bm31I8sbA==",
      "dependencies": {
        "@types/react": "^17"
      }
    },
    "node_modules/@types/scheduler": {
      "version": "0.16.3",
      "resolved": "https://registry.npmjs.org/@types/scheduler/-/scheduler-0.16.3.tgz",
      "integrity": "sha512-5cJ8CB4yAx7BH1oMvdU0Jh9lrEXyPkar6F9G/ERswkCuvP4KQZfZkSjcMbAICCpQTN4OuZn8tz0HiKv9TGZgrQ=="
    },
    "node_modules/babylonjs-gltf2interface": {
      "version": "6.18.0",
      "resolved": "https://registry.npmjs.org/babylonjs-gltf2interface/-/babylonjs-gltf2interface-6.18.0.tgz",
      "integrity": "sha512-gSXoYec7BFawuvdrvsBXKqVdkpuxznlX57c0qFP+/AkeAnb5Cvo3tGLKN0Iz6w4SLBgg7Td7hvxwQTxXkL/NRA==",
      "peer": true
    },
    "node_modules/csstype": {
      "version": "3.1.2",
      "resolved": "https://registry.npmjs.org/csstype/-/csstype-3.1.2.tgz",
      "integrity": "sha512-I7K1Uu0MBPzaFKg4nI5Q7Vs2t+3gWWW648spaF+Rg7pI9ds18Ugn+lvg4SHczUdKlHI5LWBXyqfS8+DufyBsgQ=="
    },
    "node_modules/typescript": {
      "version": "5.2.2",
      "resolved": "https://registry.npmjs.org/typescript/-/typescript-5.2.2.tgz",
      "integrity": "sha512-mI4WrpHsbCIcwT9cF4FZvr80QUeKvsUsUvKDoR+X/7XHQH98xYD8YHZg7ANtz2GtZt/CBq2QJ0thkGJMHfqc1w==",
      "dev": true,
      "bin": {
        "tsc": "bin/tsc",
        "tsserver": "bin/tsserver"
      },
      "engines": {
        "node": ">=14.17"
      }
    }
  }
}
